
Microsoft Visual Studio Solution File, Format Version 12.00
# Visual Studio Version 16
VisualStudioVersion = 16.0.30104.148
MinimumVisualStudioVersion = 10.0.40219.1
Project("{FAE04EC0-301F-11D3-BF4B-00C04F79EFBC}") = "SistemaUnicesumar", "SitemaUnicesumar\SistemaUnicesumar.csproj", "{AF4ABC46-78D4-4322-AB7B-89E3296DFD34}"
EndProject
Global
	GlobalSection(SolutionConfigurationPlatforms) = preSolution
		Debug|Any CPU = Debug|Any CPU
		Release|Any CPU = Release|Any CPU
	EndGlobalSection
	GlobalSection(ProjectConfigurationPlatforms) = postSolution
		{AF4ABC46-78D4-4322-AB7B-89E3296DFD34}.Debug|Any CPU.ActiveCfg = Debug|Any CPU
		{AF4ABC46-78D4-4322-AB7B-89E3296DFD34}.Debug|Any CPU.Build.0 = Debug|Any CPU
		{AF4ABC46-78D4-4322-AB7B-89E3296DFD34}.Release|Any CPU.ActiveCfg = Release|Any CPU
		{AF4ABC46-78D4-4322-AB7B-89E3296DFD34}.Release|Any CPU.Build.0 = Release|Any CPU
	EndGlobalSection
	GlobalSection(SolutionProperties) = preSolution
		HideSolutionNode = FALSE
	EndGlobalSection
	GlobalSection(ExtensibilityGlobals) = postSolution
		SolutionGuid = {F77E59DA-8C75-490D-BD4A-B7436894DCA9}
	EndGlobalSection
EndGlobal
